
Microsoft Visual Studio Solution File, Format Version 12.00
# Visual Studio Version 17
VisualStudioVersion = 17.4.33205.214
MinimumVisualStudioVersion = 10.0.40219.1
Project("{FAE04EC0-301F-11D3-BF4B-00C04F79EFBC}") = "WorkRestTool", "WorkRestTool\WorkRestTool.csproj", "{03AB49EB-CCD0-4C72-9544-8E305CF2F76B}"
EndProject
Global
	GlobalSection(SolutionConfigurationPlatforms) = preSolution
		Debug|Any CPU = Debug|Any CPU
		Release|Any CPU = Release|Any CPU
	EndGlobalSection
	GlobalSection(ProjectConfigurationPlatforms) = postSolution
		{03AB49EB-CCD0-4C72-9544-8E305CF2F76B}.Debug|Any CPU.ActiveCfg = Debug|Any CPU
		{03AB49EB-CCD0-4C72-9544-8E305CF2F76B}.Debug|Any CPU.Build.0 = Debug|Any CPU
		{03AB49EB-CCD0-4C72-9544-8E305CF2F76B}.Release|Any CPU.ActiveCfg = Release|Any CPU
		{03AB49EB-CCD0-4C72-9544-8E305CF2F76B}.Release|Any CPU.Build.0 = Release|Any CPU
	EndGlobalSection
	GlobalSection(SolutionProperties) = preSolution
		HideSolutionNode = FALSE
	EndGlobalSection
	GlobalSection(ExtensibilityGlobals) = postSolution
		SolutionGuid = {E068815F-EDE4-49A6-8564-2690A919D51D}
	EndGlobalSection
EndGlobal
